// !$*UTF8*$!
{
	archiveVersion = 1;
	classes = {
	};
	objectVersion = 46;
	objects = {

/* Begin PBXBuildFile section */
		0371F7F21D0922A800E3E815 /* main.m in Sources */ = {isa = PBXBuildFile; fileRef = 0371F7F11D0922A800E3E815 /* main.m */; };
		0371F7F51D0922A800E3E815 /* AppDelegate.m in Sources */ = {isa = PBXBuildFile; fileRef = 0371F7F41D0922A800E3E815 /* AppDelegate.m */; };
		0371F7F81D0922A800E3E815 /* ViewController.m in Sources */ = {isa = PBXBuildFile; fileRef = 0371F7F71D0922A800E3E815 /* ViewController.m */; };
		0371F7FB1D0922A800E3E815 /* Main.storyboard in Resources */ = {isa = PBXBuildFile; fileRef = 0371F7F91D0922A800E3E815 /* Main.storyboard */; };
		0371F7FD1D0922A800E3E815 /* Assets.xcassets in Resources */ = {isa = PBXBuildFile; fileRef = 0371F7FC1D0922A800E3E815 /* Assets.xcassets */; };
		0371F8001D0922A800E3E815 /* LaunchScreen.storyboard in Resources */ = {isa = PBXBuildFile; fileRef = 0371F7FE1D0922A800E3E815 /* LaunchScreen.storyboard */; };
		0371F80A1D09233100E3E815 /* QuadTree.cpp in Sources */ = {isa = PBXBuildFile; fileRef = 0371F8081D09233100E3E815 /* QuadTree.cpp */; };
		03E4493F1D0939CE009F5493 /* QuadVC.mm in Sources */ = {isa = PBXBuildFile; fileRef = 03E4493E1D0939CE009F5493 /* QuadVC.mm */; };
/* End PBXBuildFile section */

/* Begin PBXFileReference section */
		0371F7ED1D0922A800E3E815 /* QuadTreePlusPlus.app */ = {isa = PBXFileReference; explicitFileType = wrapper.application; includeInIndex = 0; path = QuadTreePlusPlus.app; sourceTree = BUILT_PRODUCTS_DIR; };
		0371F7F11D0922A800E3E815 /* main.m */ = {isa = PBXFileReference; lastKnownFileType = sourcecode.c.objc; path = main.m; sourceTree = "<group>"; };
		0371F7F31D0922A800E3E815 /* AppDelegate.h */ = {isa = PBXFileReference; lastKnownFileType = sourcecode.c.h; path = AppDelegate.h; sourceTree = "<group>"; };
		0371F7F41D0922A800E3E815 /* AppDelegate.m */ = {isa = PBXFileReference; lastKnownFileType = sourcecode.c.objc; path = AppDelegate.m; sourceTree = "<group>"; };
		0371F7F61D0922A800E3E815 /* ViewController.h */ = {isa = PBXFileReference; lastKnownFileType = sourcecode.c.h; path = ViewController.h; sourceTree = "<group>"; };
		0371F7F71D0922A800E3E815 /* ViewController.m */ = {isa = PBXFileReference; lastKnownFileType = sourcecode.c.objc; path = ViewController.m; sourceTree = "<group>"; };
		0371F7FA1D0922A800E3E815 /* Base */ = {isa = PBXFileReference; lastKnownFileType = file.storyboard; name = Base; path = Base.lproj/Main.storyboard; sourceTree = "<group>"; };
		0371F7FC1D0922A800E3E815 /* Assets.xcassets */ = {isa = PBXFileReference; lastKnownFileType = folder.assetcatalog; path = Assets.xcassets; sourceTree = "<group>"; };
		0371F7FF1D0922A800E3E815 /* Base */ = {isa = PBXFileReference; lastKnownFileType = file.storyboard; name = Base; path = Base.lproj/LaunchScreen.storyboard; sourceTree = "<group>"; };
		0371F8011D0922A800E3E815 /* Info.plist */ = {isa = PBXFileReference; lastKnownFileType = text.plist.xml; path = Info.plist; sourceTree = "<group>"; };
		0371F8081D09233100E3E815 /* QuadTree.cpp */ = {isa = PBXFileReference; fileEncoding = 4; lastKnownFileType = sourcecode.cpp.cpp; path = QuadTree.cpp; sourceTree = "<group>"; };
		0371F8091D09233100E3E815 /* QuadTree.hpp */ = {isa = PBXFileReference; fileEncoding = 4; lastKnownFileType = sourcecode.cpp.h; path = QuadTree.hpp; sourceTree = "<group>"; };
		03E4493D1D0939CE009F5493 /* QuadVC.h */ = {isa = PBXFileReference; fileEncoding = 4; lastKnownFileType = sourcecode.c.h; name = QuadVC.h; path = ../QuadVC.h; sourceTree = "<group>"; };
		03E4493E1D0939CE009F5493 /* QuadVC.mm */ = {isa = PBXFileReference; fileEncoding = 4; lastKnownFileType = sourcecode.cpp.objcpp; name = QuadVC.mm; path = ../QuadVC.mm; sourceTree = "<group>"; };
/* End PBXFileReference section */

/* Begin PBXFrameworksBuildPhase section */
		0371F7EA1D0922A800E3E815 /* Frameworks */ = {
			isa = PBXFrameworksBuildPhase;
			buildActionMask = 2147483647;
			files = (
			);
			runOnlyForDeploymentPostprocessing = 0;
		};
/* End PBXFrameworksBuildPhase section */

/* Begin PBXGroup section */
		0371F7E41D0922A800E3E815 = {
			isa = PBXGroup;
			children = (
				0371F7EF1D0922A800E3E815 /* QuadTreePlusPlus */,
				0371F7EE1D0922A800E3E815 /* Products */,
			);
			sourceTree = "<group>";
		};
		0371F7EE1D0922A800E3E815 /* Products */ = {
			isa = PBXGroup;
			children = (
				0371F7ED1D0922A800E3E815 /* QuadTreePlusPlus.app */,
			);
			name = Products;
			sourceTree = "<group>";
		};
		0371F7EF1D0922A800E3E815 /* QuadTreePlusPlus */ = {
			isa = PBXGroup;
			children = (
				0371F8071D09232200E3E815 /* Quad */,
				0371F7F31D0922A800E3E815 /* AppDelegate.h */,
				03E4493D1D0939CE009F5493 /* QuadVC.h */,
				03E4493E1D0939CE009F5493 /* QuadVC.mm */,
				0371F7F41D0922A800E3E815 /* AppDelegate.m */,
				0371F7F61D0922A800E3E815 /* ViewController.h */,
				0371F7F71D0922A800E3E815 /* ViewController.m */,
				0371F7F91D0922A800E3E815 /* Main.storyboard */,
				0371F7FC1D0922A800E3E815 /* Assets.xcassets */,
				0371F7FE1D0922A800E3E815 /* LaunchScreen.storyboard */,
				0371F8011D0922A800E3E815 /* Info.plist */,
				0371F7F01D0922A800E3E815 /* Supporting Files */,
			);
			path = QuadTreePlusPlus;
			sourceTree = "<group>";
		};
		0371F7F01D0922A800E3E815 /* Supporting Files */ = {
			isa = PBXGroup;
			children = (
				0371F7F11D0922A800E3E815 /* main.m */,
			);
			name = "Supporting Files";
			sourceTree = "<group>";
		};
		0371F8071D09232200E3E815 /* Quad */ = {
			isa = PBXGroup;
			children = (
				0371F8081D09233100E3E815 /* QuadTree.cpp */,
				0371F8091D09233100E3E815 /* QuadTree.hpp */,
			);
			name = Quad;
			sourceTree = "<group>";
		};
/* End PBXGroup section */

/* Begin PBXNativeTarget section */
		0371F7EC1D0922A800E3E815 /* QuadTreePlusPlus */ = {
			isa = PBXNativeTarget;
			buildConfigurationList = 0371F8041D0922A800E3E815 /* Build configuration list for PBXNativeTarget "QuadTreePlusPlus" */;
			buildPhases = (
				0371F7E91D0922A800E3E815 /* Sources */,
				0371F7EA1D0922A800E3E815 /* Frameworks */,
				0371F7EB1D0922A800E3E815 /* Resources */,
			);
			buildRules = (
			);
			dependencies = (
			);
			name = QuadTreePlusPlus;
			productName = QuadTreePlusPlus;
			productReference = 0371F7ED1D0922A800E3E815 /* QuadTreePlusPlus.app */;
			productType = "com.apple.product-type.application";
		};
/* End PBXNativeTarget section */

/* Begin PBXProject section */
		0371F7E51D0922A800E3E815 /* Project object */ = {
			isa = PBXProject;
			attributes = {
				LastUpgradeCheck = 0730;
				ORGANIZATIONNAME = joshua;
				TargetAttributes = {
					0371F7EC1D0922A800E3E815 = {
						CreatedOnToolsVersion = 7.3.1;
					};
				};
			};
			buildConfigurationList = 0371F7E81D0922A800E3E815 /* Build configuration list for PBXProject "QuadTreePlusPlus" */;
			compatibilityVersion = "Xcode 3.2";
			developmentRegion = English;
			hasScannedForEncodings = 0;
			knownRegions = (
				en,
				Base,
			);
			mainGroup = 0371F7E41D0922A800E3E815;
			productRefGroup = 0371F7EE1D0922A800E3E815 /* Products */;
			projectDirPath = "";
			projectRoot = "";
			targets = (
				0371F7EC1D0922A800E3E815 /* QuadTreePlusPlus */,
			);
		};
/* End PBXProject section */

/* Begin PBXResourcesBuildPhase section */
		0371F7EB1D0922A800E3E815 /* Resources */ = {
			isa = PBXResourcesBuildPhase;
			buildActionMask = 2147483647;
			files = (
				0371F8001D0922A800E3E815 /* LaunchScreen.storyboard in Resources */,
				0371F7FD1D0922A800E3E815 /* Assets.xcassets in Resources */,
				0371F7FB1D0922A800E3E815 /* Main.storyboard in Resources */,
			);
			runOnlyForDeploymentPostprocessing = 0;
		};
/* End PBXResourcesBuildPhase section */

/* Begin PBXSourcesBuildPhase section */
		0371F7E91D0922A800E3E815 /* Sources */ = {
			isa = PBXSourcesBuildPhase;
			buildActionMask = 2147483647;
			files = (
				0371F80A1D09233100E3E815 /* QuadTree.cpp in Sources */,
				0371F7F81D0922A800E3E815 /* ViewController.m in Sources */,
				0371F7F51D0922A800E3E815 /* AppDelegate.m in Sources */,
				03E4493F1D0939CE009F5493 /* QuadVC.mm in Sources */,
				0371F7F21D0922A800E3E815 /* main.m in Sources */,
			);
			runOnlyForDeploymentPostprocessing = 0;
		};
/* End PBXSourcesBuildPhase section */

/* Begin PBXVariantGroup section */
		0371F7F91D0922A800E3E815 /* Main.storyboard */ = {
			isa = PBXVariantGroup;
			children = (
				0371F7FA1D0922A800E3E815 /* Base */,
			);
			name = Main.storyboard;
			sourceTree = "<group>";
		};
		0371F7FE1D0922A800E3E815 /* LaunchScreen.storyboard */ = {
			isa = PBXVariantGroup;
			children = (
				0371F7FF1D0922A800E3E815 /* Base */,
			);
			name = LaunchScreen.storyboard;
			sourceTree = "<group>";
		};
/* End PBXVariantGroup section */

/* Begin XCBuildConfiguration section */
		0371F8021D0922A800E3E815 /* Debug */ = {
			isa = XCBuildConfiguration;
			buildSettings = {
				ALWAYS_SEARCH_USER_PATHS = NO;
				CLANG_ANALYZER_NONNULL = YES;
				CLANG_CXX_LANGUAGE_STANDARD = "gnu++0x";
				CLANG_CXX_LIBRARY = "libc++";
				CLANG_ENABLE_MODULES = YES;
				CLANG_ENABLE_OBJC_ARC = YES;
				CLANG_WARN_BOOL_CONVERSION = YES;
				CLANG_WARN_CONSTANT_CONVERSION = YES;
				CLANG_WARN_DIRECT_OBJC_ISA_USAGE = YES_ERROR;
				CLANG_WARN_EMPTY_BODY = YES;
				CLANG_WARN_ENUM_CONVERSION = YES;
				CLANG_WARN_INT_CONVERSION = YES;
				CLANG_WARN_OBJC_ROOT_CLASS = YES_ERROR;
				CLANG_WARN_UNREACHABLE_CODE = YES;
				CLANG_WARN__DUPLICATE_METHOD_MATCH = YES;
				"CODE_SIGN_IDENTITY[sdk=iphoneos*]" = "iPhone Developer";
				COPY_PHASE_STRIP = NO;
				DEBUG_INFORMATION_FORMAT = dwarf;
				ENABLE_STRICT_OBJC_MSGSEND = YES;
				ENABLE_TESTABILITY = YES;
				GCC_C_LANGUAGE_STANDARD = gnu99;
				GCC_DYNAMIC_NO_PIC = NO;
				GCC_NO_COMMON_BLOCKS = YES;
				GCC_OPTIMIZATION_LEVEL = 0;
				GCC_PREPROCESSOR_DEFINITIONS = (
					"DEBUG=1",
					"$(inherited)",
				);
				GCC_WARN_64_TO_32_BIT_CONVERSION = YES;
				GCC_WARN_ABOUT_RETURN_TYPE = YES_ERROR;
				GCC_WARN_UNDECLARED_SELECTOR = YES;
				GCC_WARN_UNINITIALIZED_AUTOS = YES_AGGRESSIVE;
				GCC_WARN_UNUSED_FUNCTION = YES;
				GCC_WARN_UNUSED_VARIABLE = YES;
				IPHONEOS_DEPLOYMENT_TARGET = 9.3;
				MTL_ENABLE_DEBUG_INFO = YES;
				ONLY_ACTIVE_ARCH = YES;
				SDKROOT = iphoneos;
			};
			name = Debug;
		};
		0371F8031D0922A800E3E815 /* Release */ = {
			isa = XCBuildConfiguration;
			buildSettings = {
				ALWAYS_SEARCH_USER_PATHS = NO;
				CLANG_ANALYZER_NONNULL = YES;
				CLANG_CXX_LANGUAGE_STANDARD = "gnu++0x";
				CLANG_CXX_LIBRARY = "libc++";
				CLANG_ENABLE_MODULES = YES;
				CLANG_ENABLE_OBJC_ARC = YES;
				CLANG_WARN_BOOL_CONVERSION = YES;
				CLANG_WARN_CONSTANT_CONVERSION = YES;
				CLANG_WARN_DIRECT_OBJC_ISA_USAGE = YES_ERROR;
				CLANG_WARN_EMPTY_BODY = YES;
				CLANG_WARN_ENUM_CONVERSION = YES;
				CLANG_WARN_INT_CONVERSION = YES;
				CLANG_WARN_OBJC_ROOT_CLASS = YES_ERROR;
				CLANG_WARN_UNREACHABLE_CODE = YES;
				CLANG_WARN__DUPLICATE_METHOD_MATCH = YES;
				"CODE_SIGN_IDENTITY[sdk=iphoneos*]" = "iPhone Developer";
				COPY_PHASE_STRIP = NO;
				DEBUG_INFORMATION_FORMAT = "dwarf-with-dsym";
				ENABLE_NS_ASSERTIONS = NO;
				ENABLE_STRICT_OBJC_MSGSEND = YES;
				GCC_C_LANGUAGE_STANDARD = gnu99;
				GCC_NO_COMMON_BLOCKS = YES;
				GCC_WARN_64_TO_32_BIT_CONVERSION = YES;
				GCC_WARN_ABOUT_RETURN_TYPE = YES_ERROR;
				GCC_WARN_UNDECLARED_SELECTOR = YES;
				GCC_WARN_UNINITIALIZED_AUTOS = YES_AGGRESSIVE;
				GCC_WARN_UNUSED_FUNCTION = YES;
				GCC_WARN_UNUSED_VARIABLE = YES;
				IPHONEOS_DEPLOYMENT_TARGET = 9.3;
				MTL_ENABLE_DEBUG_INFO = NO;
				SDKROOT = iphoneos;
				VALIDATE_PRODUCT = YES;
			};
			name = Release;
		};
		0371F8051D0922A800E3E815 /* Debug */ = {
			isa = XCBuildConfiguration;
			buildSettings = {
				ASSETCATALOG_COMPILER_APPICON_NAME = AppIcon;
				CLANG_CXX_LANGUAGE_STANDARD = "c++14";
				CLANG_CXX_LIBRARY = "libstdc++";
				INFOPLIST_FILE = QuadTreePlusPlus/Info.plist;
				LD_RUNPATH_SEARCH_PATHS = "$(inherited) @executable_path/Frameworks";
				PRODUCT_BUNDLE_IDENTIFIER = com.JRMCorp.QuadTreePlusPlus;
				PRODUCT_NAME = "$(TARGET_NAME)";
			};
			name = Debug;
		};
		0371F8061D0922A800E3E815 /* Release */ = {
			isa = XCBuildConfiguration;
			buildSettings = {
				ASSETCATALOG_COMPILER_APPICON_NAME = AppIcon;
				CLANG_CXX_LANGUAGE_STANDARD = "c++14";
				CLANG_CXX_LIBRARY = "libstdc++";
				INFOPLIST_FILE = QuadTreePlusPlus/Info.plist;
				LD_RUNPATH_SEARCH_PATHS = "$(inherited) @executable_path/Frameworks";
				PRODUCT_BUNDLE_IDENTIFIER = com.JRMCorp.QuadTreePlusPlus;
				PRODUCT_NAME = "$(TARGET_NAME)";
			};
			name = Release;
		};
/* End XCBuildConfiguration section */

/* Begin XCConfigurationList section */
		0371F7E81D0922A800E3E815 /* Build configuration list for PBXProject "QuadTreePlusPlus" */ = {
			isa = XCConfigurationList;
			buildConfigurations = (
				0371F8021D0922A800E3E815 /* Debug */,
				0371F8031D0922A800E3E815 /* Release */,
			);
			defaultConfigurationIsVisible = 0;
			defaultConfigurationName = Release;
		};
		0371F8041D0922A800E3E815 /* Build configuration list for PBXNativeTarget "QuadTreePlusPlus" */ = {
			isa = XCConfigurationList;
			buildConfigurations = (
				0371F8051D0922A800E3E815 /* Debug */,
				0371F8061D0922A800E3E815 /* Release */,
			);
			defaultConfigurationIsVisible = 0;
			defaultConfigurationName = Release;
		};
/* End XCConfigurationList section */
	};
	rootObject = 0371F7E51D0922A800E3E815 /* Project object */;
}
